
Microsoft Visual Studio Solution File, Format Version 12.00
# Visual Studio Version 17
VisualStudioVersion = 17.6.33712.159
MinimumVisualStudioVersion = 10.0.40219.1
Project("{8BC9CEB8-8B4A-11D0-8D11-00A0C91BC942}") = "oop.lesson.9", "oop.lesson.9\oop.lesson.9.vcxproj", "{8DC38F2A-2409-44DE-B909-82A5B417B663}"
EndProject
Global
	GlobalSection(SolutionConfigurationPlatforms) = preSolution
		Debug|x64 = Debug|x64
		Debug|x86 = Debug|x86
		Release|x64 = Release|x64
		Release|x86 = Release|x86
	EndGlobalSection
	GlobalSection(ProjectConfigurationPlatforms) = postSolution
		{8DC38F2A-2409-44DE-B909-82A5B417B663}.Debug|x64.ActiveCfg = Debug|x64
		{8DC38F2A-2409-44DE-B909-82A5B417B663}.Debug|x64.Build.0 = Debug|x64
		{8DC38F2A-2409-44DE-B909-82A5B417B663}.Debug|x86.ActiveCfg = Debug|Win32
		{8DC38F2A-2409-44DE-B909-82A5B417B663}.Debug|x86.Build.0 = Debug|Win32
		{8DC38F2A-2409-44DE-B909-82A5B417B663}.Release|x64.ActiveCfg = Release|x64
		{8DC38F2A-2409-44DE-B909-82A5B417B663}.Release|x64.Build.0 = Release|x64
		{8DC38F2A-2409-44DE-B909-82A5B417B663}.Release|x86.ActiveCfg = Release|Win32
		{8DC38F2A-2409-44DE-B909-82A5B417B663}.Release|x86.Build.0 = Release|Win32
	EndGlobalSection
	GlobalSection(SolutionProperties) = preSolution
		HideSolutionNode = FALSE
	EndGlobalSection
	GlobalSection(ExtensibilityGlobals) = postSolution
		SolutionGuid = {163D4DCC-E903-4DD7-BCC4-7D3062BAD4AB}
	EndGlobalSection
EndGlobal
